// !$*UTF8*$!
{
	archiveVersion = 1;
	classes = {
	};
	objectVersion = 46;
	objects = {

/* Begin PBXBuildFile section */
		83B41CDE1EBF0E0C004CDDDE /* AppDelegate.swift in Sources */ = {isa = PBXBuildFile; fileRef = 83B41CDD1EBF0E0C004CDDDE /* AppDelegate.swift */; };
		83B41CE01EBF0E0C004CDDDE /* ViewController.swift in Sources */ = {isa = PBXBuildFile; fileRef = 83B41CDF1EBF0E0C004CDDDE /* ViewController.swift */; };
		83B41CE31EBF0E0C004CDDDE /* Main.storyboard in Resources */ = {isa = PBXBuildFile; fileRef = 83B41CE11EBF0E0C004CDDDE /* Main.storyboard */; };
		83B41CE51EBF0E0C004CDDDE /* Assets.xcassets in Resources */ = {isa = PBXBuildFile; fileRef = 83B41CE41EBF0E0C004CDDDE /* Assets.xcassets */; };
		83B41CE81EBF0E0C004CDDDE /* LaunchScreen.storyboard in Resources */ = {isa = PBXBuildFile; fileRef = 83B41CE61EBF0E0C004CDDDE /* LaunchScreen.storyboard */; };
/* End PBXBuildFile section */

/* Begin PBXFileReference section */
		83B41CDA1EBF0E0C004CDDDE /* EmojiDict.app */ = {isa = PBXFileReference; explicitFileType = wrapper.application; includeInIndex = 0; path = EmojiDict.app; sourceTree = BUILT_PRODUCTS_DIR; };
		83B41CDD1EBF0E0C004CDDDE /* AppDelegate.swift */ = {isa = PBXFileReference; lastKnownFileType = sourcecode.swift; path = AppDelegate.swift; sourceTree = "<group>"; };
		83B41CDF1EBF0E0C004CDDDE /* ViewController.swift */ = {isa = PBXFileReference; lastKnownFileType = sourcecode.swift; path = ViewController.swift; sourceTree = "<group>"; };
		83B41CE21EBF0E0C004CDDDE /* Base */ = {isa = PBXFileReference; lastKnownFileType = file.storyboard; name = Base; path = Base.lproj/Main.storyboard; sourceTree = "<group>"; };
		83B41CE41EBF0E0C004CDDDE /* Assets.xcassets */ = {isa = PBXFileReference; lastKnownFileType = folder.assetcatalog; path = Assets.xcassets; sourceTree = "<group>"; };
		83B41CE71EBF0E0C004CDDDE /* Base */ = {isa = PBXFileReference; lastKnownFileType = file.storyboard; name = Base; path = Base.lproj/LaunchScreen.storyboard; sourceTree = "<group>"; };
		83B41CE91EBF0E0C004CDDDE /* Info.plist */ = {isa = PBXFileReference; lastKnownFileType = text.plist.xml; path = Info.plist; sourceTree = "<group>"; };
/* End PBXFileReference section */

/* Begin PBXFrameworksBuildPhase section */
		83B41CD71EBF0E0C004CDDDE /* Frameworks */ = {
			isa = PBXFrameworksBuildPhase;
			buildActionMask = 2147483647;
			files = (
			);
			runOnlyForDeploymentPostprocessing = 0;
		};
/* End PBXFrameworksBuildPhase section */

/* Begin PBXGroup section */
		83B41CD11EBF0E0C004CDDDE = {
			isa = PBXGroup;
			children = (
				83B41CDC1EBF0E0C004CDDDE /* EmojiDict */,
				83B41CDB1EBF0E0C004CDDDE /* Products */,
			);
			sourceTree = "<group>";
		};
		83B41CDB1EBF0E0C004CDDDE /* Products */ = {
			isa = PBXGroup;
			children = (
				83B41CDA1EBF0E0C004CDDDE /* EmojiDict.app */,
			);
			name = Products;
			sourceTree = "<group>";
		};
		83B41CDC1EBF0E0C004CDDDE /* EmojiDict */ = {
			isa = PBXGroup;
			children = (
				83B41CDD1EBF0E0C004CDDDE /* AppDelegate.swift */,
				83B41CDF1EBF0E0C004CDDDE /* ViewController.swift */,
				83B41CE11EBF0E0C004CDDDE /* Main.storyboard */,
				83B41CE41EBF0E0C004CDDDE /* Assets.xcassets */,
				83B41CE61EBF0E0C004CDDDE /* LaunchScreen.storyboard */,
				83B41CE91EBF0E0C004CDDDE /* Info.plist */,
			);
			path = EmojiDict;
			sourceTree = "<group>";
		};
/* End PBXGroup section */

/* Begin PBXNativeTarget section */
		83B41CD91EBF0E0C004CDDDE /* EmojiDict */ = {
			isa = PBXNativeTarget;
			buildConfigurationList = 83B41CEC1EBF0E0C004CDDDE /* Build configuration list for PBXNativeTarget "EmojiDict" */;
			buildPhases = (
				83B41CD61EBF0E0C004CDDDE /* Sources */,
				83B41CD71EBF0E0C004CDDDE /* Frameworks */,
				83B41CD81EBF0E0C004CDDDE /* Resources */,
			);
			buildRules = (
			);
			dependencies = (
			);
			name = EmojiDict;
			productName = EmojiDict;
			productReference = 83B41CDA1EBF0E0C004CDDDE /* EmojiDict.app */;
			productType = "com.apple.product-type.application";
		};
/* End PBXNativeTarget section */

/* Begin PBXProject section */
		83B41CD21EBF0E0C004CDDDE /* Project object */ = {
			isa = PBXProject;
			attributes = {
				LastSwiftUpdateCheck = 0830;
				LastUpgradeCheck = 0830;
				ORGANIZATIONNAME = dthcp;
				TargetAttributes = {
					83B41CD91EBF0E0C004CDDDE = {
						CreatedOnToolsVersion = 8.3.2;
						DevelopmentTeam = VS62Q2ZQ6B;
						ProvisioningStyle = Automatic;
					};
				};
			};
			buildConfigurationList = 83B41CD51EBF0E0C004CDDDE /* Build configuration list for PBXProject "EmojiDict" */;
			compatibilityVersion = "Xcode 3.2";
			developmentRegion = English;
			hasScannedForEncodings = 0;
			knownRegions = (
				en,
				Base,
			);
			mainGroup = 83B41CD11EBF0E0C004CDDDE;
			productRefGroup = 83B41CDB1EBF0E0C004CDDDE /* Products */;
			projectDirPath = "";
			projectRoot = "";
			targets = (
				83B41CD91EBF0E0C004CDDDE /* EmojiDict */,
			);
		};
/* End PBXProject section */

/* Begin PBXResourcesBuildPhase section */
		83B41CD81EBF0E0C004CDDDE /* Resources */ = {
			isa = PBXResourcesBuildPhase;
			buildActionMask = 2147483647;
			files = (
				83B41CE81EBF0E0C004CDDDE /* LaunchScreen.storyboard in Resources */,
				83B41CE51EBF0E0C004CDDDE /* Assets.xcassets in Resources */,
				83B41CE31EBF0E0C004CDDDE /* Main.storyboard in Resources */,
			);
			runOnlyForDeploymentPostprocessing = 0;
		};
/* End PBXResourcesBuildPhase section */

/* Begin PBXSourcesBuildPhase section */
		83B41CD61EBF0E0C004CDDDE /* Sources */ = {
			isa = PBXSourcesBuildPhase;
			buildActionMask = 2147483647;
			files = (
				83B41CE01EBF0E0C004CDDDE /* ViewController.swift in Sources */,
				83B41CDE1EBF0E0C004CDDDE /* AppDelegate.swift in Sources */,
			);
			runOnlyForDeploymentPostprocessing = 0;
		};
/* End PBXSourcesBuildPhase section */

/* Begin PBXVariantGroup section */
		83B41CE11EBF0E0C004CDDDE /* Main.storyboard */ = {
			isa = PBXVariantGroup;
			children = (
				83B41CE21EBF0E0C004CDDDE /* Base */,
			);
			name = Main.storyboard;
			sourceTree = "<group>";
		};
		83B41CE61EBF0E0C004CDDDE /* LaunchScreen.storyboard */ = {
			isa = PBXVariantGroup;
			children = (
				83B41CE71EBF0E0C004CDDDE /* Base */,
			);
			name = LaunchScreen.storyboard;
			sourceTree = "<group>";
		};
/* End PBXVariantGroup section */

/* Begin XCBuildConfiguration section */
		83B41CEA1EBF0E0C004CDDDE /* Debug */ = {
			isa = XCBuildConfiguration;
			buildSettings = {
				ALWAYS_SEARCH_USER_PATHS = NO;
				CLANG_ANALYZER_NONNULL = YES;
				CLANG_ANALYZER_NUMBER_OBJECT_CONVERSION = YES_AGGRESSIVE;
				CLANG_CXX_LANGUAGE_STANDARD = "gnu++0x";
				CLANG_CXX_LIBRARY = "libc++";
				CLANG_ENABLE_MODULES = YES;
				CLANG_ENABLE_OBJC_ARC = YES;
				CLANG_WARN_BOOL_CONVERSION = YES;
				CLANG_WARN_CONSTANT_CONVERSION = YES;
				CLANG_WARN_DIRECT_OBJC_ISA_USAGE = YES_ERROR;
				CLANG_WARN_DOCUMENTATION_COMMENTS = YES;
				CLANG_WARN_EMPTY_BODY = YES;
				CLANG_WARN_ENUM_CONVERSION = YES;
				CLANG_WARN_INFINITE_RECURSION = YES;
				CLANG_WARN_INT_CONVERSION = YES;
				CLANG_WARN_OBJC_ROOT_CLASS = YES_ERROR;
				CLANG_WARN_SUSPICIOUS_MOVE = YES;
				CLANG_WARN_UNREACHABLE_CODE = YES;
				CLANG_WARN__DUPLICATE_METHOD_MATCH = YES;
				"CODE_SIGN_IDENTITY[sdk=iphoneos*]" = "iPhone Developer";
				COPY_PHASE_STRIP = NO;
				DEBUG_INFORMATION_FORMAT = dwarf;
				ENABLE_STRICT_OBJC_MSGSEND = YES;
				ENABLE_TESTABILITY = YES;
				GCC_C_LANGUAGE_STANDARD = gnu99;
				GCC_DYNAMIC_NO_PIC = NO;
				GCC_NO_COMMON_BLOCKS = YES;
				GCC_OPTIMIZATION_LEVEL = 0;
				GCC_PREPROCESSOR_DEFINITIONS = (
					"DEBUG=1",
					"$(inherited)",
				);
				GCC_WARN_64_TO_32_BIT_CONVERSION = YES;
				GCC_WARN_ABOUT_RETURN_TYPE = YES_ERROR;
				GCC_WARN_UNDECLARED_SELECTOR = YES;
				GCC_WARN_UNINITIALIZED_AUTOS = YES_AGGRESSIVE;
				GCC_WARN_UNUSED_FUNCTION = YES;
				GCC_WARN_UNUSED_VARIABLE = YES;
				IPHONEOS_DEPLOYMENT_TARGET = 10.3;
				MTL_ENABLE_DEBUG_INFO = YES;
				ONLY_ACTIVE_ARCH = YES;
				SDKROOT = iphoneos;
				SWIFT_ACTIVE_COMPILATION_CONDITIONS = DEBUG;
				SWIFT_OPTIMIZATION_LEVEL = "-Onone";
				TARGETED_DEVICE_FAMILY = "1,2";
			};
			name = Debug;
		};
		83B41CEB1EBF0E0C004CDDDE /* Release */ = {
			isa = XCBuildConfiguration;
			buildSettings = {
				ALWAYS_SEARCH_USER_PATHS = NO;
				CLANG_ANALYZER_NONNULL = YES;
				CLANG_ANALYZER_NUMBER_OBJECT_CONVERSION = YES_AGGRESSIVE;
				CLANG_CXX_LANGUAGE_STANDARD = "gnu++0x";
				CLANG_CXX_LIBRARY = "libc++";
				CLANG_ENABLE_MODULES = YES;
				CLANG_ENABLE_OBJC_ARC = YES;
				CLANG_WARN_BOOL_CONVERSION = YES;
				CLANG_WARN_CONSTANT_CONVERSION = YES;
				CLANG_WARN_DIRECT_OBJC_ISA_USAGE = YES_ERROR;
				CLANG_WARN_DOCUMENTATION_COMMENTS = YES;
				CLANG_WARN_EMPTY_BODY = YES;
				CLANG_WARN_ENUM_CONVERSION = YES;
				CLANG_WARN_INFINITE_RECURSION = YES;
				CLANG_WARN_INT_CONVERSION = YES;
				CLANG_WARN_OBJC_ROOT_CLASS = YES_ERROR;
				CLANG_WARN_SUSPICIOUS_MOVE = YES;
				CLANG_WARN_UNREACHABLE_CODE = YES;
				CLANG_WARN__DUPLICATE_METHOD_MATCH = YES;
				"CODE_SIGN_IDENTITY[sdk=iphoneos*]" = "iPhone Developer";
				COPY_PHASE_STRIP = NO;
				DEBUG_INFORMATION_FORMAT = "dwarf-with-dsym";
				ENABLE_NS_ASSERTIONS = NO;
				ENABLE_STRICT_OBJC_MSGSEND = YES;
				GCC_C_LANGUAGE_STANDARD = gnu99;
				GCC_NO_COMMON_BLOCKS = YES;
				GCC_WARN_64_TO_32_BIT_CONVERSION = YES;
				GCC_WARN_ABOUT_RETURN_TYPE = YES_ERROR;
				GCC_WARN_UNDECLARED_SELECTOR = YES;
				GCC_WARN_UNINITIALIZED_AUTOS = YES_AGGRESSIVE;
				GCC_WARN_UNUSED_FUNCTION = YES;
				GCC_WARN_UNUSED_VARIABLE = YES;
				IPHONEOS_DEPLOYMENT_TARGET = 10.3;
				MTL_ENABLE_DEBUG_INFO = NO;
				SDKROOT = iphoneos;
				SWIFT_OPTIMIZATION_LEVEL = "-Owholemodule";
				TARGETED_DEVICE_FAMILY = "1,2";
				VALIDATE_PRODUCT = YES;
			};
			name = Release;
		};
		83B41CED1EBF0E0C004CDDDE /* Debug */ = {
			isa = XCBuildConfiguration;
			buildSettings = {
				ASSETCATALOG_COMPILER_APPICON_NAME = AppIcon;
				DEVELOPMENT_TEAM = VS62Q2ZQ6B;
				INFOPLIST_FILE = EmojiDict/Info.plist;
				LD_RUNPATH_SEARCH_PATHS = "$(inherited) @executable_path/Frameworks";
				PRODUCT_BUNDLE_IDENTIFIER = HCP.EmojiDict;
				PRODUCT_NAME = "$(TARGET_NAME)";
				SWIFT_VERSION = 3.0;
			};
			name = Debug;
		};
		83B41CEE1EBF0E0C004CDDDE /* Release */ = {
			isa = XCBuildConfiguration;
			buildSettings = {
				ASSETCATALOG_COMPILER_APPICON_NAME = AppIcon;
				DEVELOPMENT_TEAM = VS62Q2ZQ6B;
				INFOPLIST_FILE = EmojiDict/Info.plist;
				LD_RUNPATH_SEARCH_PATHS = "$(inherited) @executable_path/Frameworks";
				PRODUCT_BUNDLE_IDENTIFIER = HCP.EmojiDict;
				PRODUCT_NAME = "$(TARGET_NAME)";
				SWIFT_VERSION = 3.0;
			};
			name = Release;
		};
/* End XCBuildConfiguration section */

/* Begin XCConfigurationList section */
		83B41CD51EBF0E0C004CDDDE /* Build configuration list for PBXProject "EmojiDict" */ = {
			isa = XCConfigurationList;
			buildConfigurations = (
				83B41CEA1EBF0E0C004CDDDE /* Debug */,
				83B41CEB1EBF0E0C004CDDDE /* Release */,
			);
			defaultConfigurationIsVisible = 0;
			defaultConfigurationName = Release;
		};
		83B41CEC1EBF0E0C004CDDDE /* Build configuration list for PBXNativeTarget "EmojiDict" */ = {
			isa = XCConfigurationList;
			buildConfigurations = (
				83B41CED1EBF0E0C004CDDDE /* Debug */,
				83B41CEE1EBF0E0C004CDDDE /* Release */,
			);
			defaultConfigurationIsVisible = 0;
		};
/* End XCConfigurationList section */
	};
	rootObject = 83B41CD21EBF0E0C004CDDDE /* Project object */;
}
